// !$*UTF8*$!
{
	archiveVersion = 1;
	classes = {
	};
	objectVersion = 56;
	objects = {

/* Begin PBXBuildFile section */
		5B4A81372B97ACD8004164E7 /* ThirdQuizGameView.swift in Sources */ = {isa = PBXBuildFile; fileRef = 5B4A81362B97ACD8004164E7 /* ThirdQuizGameView.swift */; };
		5B4A81392B97B258004164E7 /* FourthQuizGameView.swift in Sources */ = {isa = PBXBuildFile; fileRef = 5B4A81382B97B258004164E7 /* FourthQuizGameView.swift */; };
		5B4A813B2B97B4E2004164E7 /* FifthQuizGameView.swift in Sources */ = {isa = PBXBuildFile; fileRef = 5B4A813A2B97B4E2004164E7 /* FifthQuizGameView.swift */; };
		5B4A813D2B97CB18004164E7 /* SixthQuizGameView.swift in Sources */ = {isa = PBXBuildFile; fileRef = 5B4A813C2B97CB18004164E7 /* SixthQuizGameView.swift */; };
		5B4A813F2B97CEF2004164E7 /* SeventhQuizGameView.swift in Sources */ = {isa = PBXBuildFile; fileRef = 5B4A813E2B97CEF2004164E7 /* SeventhQuizGameView.swift */; };
		5B4A81412B97D223004164E7 /* EighthQuizGameView.swift in Sources */ = {isa = PBXBuildFile; fileRef = 5B4A81402B97D223004164E7 /* EighthQuizGameView.swift */; };
		5B4A81432B97D442004164E7 /* NinthQuizGameView.swift in Sources */ = {isa = PBXBuildFile; fileRef = 5B4A81422B97D442004164E7 /* NinthQuizGameView.swift */; };
		5B4A81452B97D93D004164E7 /* TenthQuizGameView.swift in Sources */ = {isa = PBXBuildFile; fileRef = 5B4A81442B97D93D004164E7 /* TenthQuizGameView.swift */; };
		5B4A81472B97DBDE004164E7 /* EleventhQuizGameView.swift in Sources */ = {isa = PBXBuildFile; fileRef = 5B4A81462B97DBDE004164E7 /* EleventhQuizGameView.swift */; };
		5B4A81492B97DF5D004164E7 /* TwelfthQuizGameView.swift in Sources */ = {isa = PBXBuildFile; fileRef = 5B4A81482B97DF5D004164E7 /* TwelfthQuizGameView.swift */; };
		5B4A814B2B97E4EF004164E7 /* ThirteenthQuizGameView.swift in Sources */ = {isa = PBXBuildFile; fileRef = 5B4A814A2B97E4EF004164E7 /* ThirteenthQuizGameView.swift */; };
		5B4A814D2B99357F004164E7 /* 12.swift in Sources */ = {isa = PBXBuildFile; fileRef = 5B4A814C2B99357F004164E7 /* 12.swift */; };
		5B817E302B95DDA7003A93F8 /* FirstQuizGameView.swift in Sources */ = {isa = PBXBuildFile; fileRef = 5B817E2F2B95DDA7003A93F8 /* FirstQuizGameView.swift */; };
		5B817E342B95DF91003A93F8 /* ProgressBarView.swift in Sources */ = {isa = PBXBuildFile; fileRef = 5B817E332B95DF91003A93F8 /* ProgressBarView.swift */; };
		5B817E382B964D49003A93F8 /* CustomAlertView.swift in Sources */ = {isa = PBXBuildFile; fileRef = 5B817E372B964D49003A93F8 /* CustomAlertView.swift */; };
		5B817E3B2B965C4B003A93F8 /* ArchiveLessonsView.swift in Sources */ = {isa = PBXBuildFile; fileRef = 5B817E3A2B965C4B003A93F8 /* ArchiveLessonsView.swift */; };
		5B817E432B966319003A93F8 /* QuizModel.swift in Sources */ = {isa = PBXBuildFile; fileRef = 5B817E422B966319003A93F8 /* QuizModel.swift */; };
		5B817E462B96647B003A93F8 /* QuizArchiveViewModel.swift in Sources */ = {isa = PBXBuildFile; fileRef = 5B817E452B96647B003A93F8 /* QuizArchiveViewModel.swift */; };
		5B817E4A2B979C97003A93F8 /* SecondQuizGameView.swift in Sources */ = {isa = PBXBuildFile; fileRef = 5B817E492B979C97003A93F8 /* SecondQuizGameView.swift */; };
		5B81D2382B8CB6100086689B /* StoryRowView.swift in Sources */ = {isa = PBXBuildFile; fileRef = 5B81D2372B8CB6100086689B /* StoryRowView.swift */; };
		5B81D23A2B8CB6D60086689B /* StoryModel.swift in Sources */ = {isa = PBXBuildFile; fileRef = 5B81D2392B8CB6D60086689B /* StoryModel.swift */; };
		5B81D23C2B8D271E0086689B /* StoryViewModel.swift in Sources */ = {isa = PBXBuildFile; fileRef = 5B81D23B2B8D271E0086689B /* StoryViewModel.swift */; };
		5B81D23E2B8D2BB90086689B /* StoryDetailView.swift in Sources */ = {isa = PBXBuildFile; fileRef = 5B81D23D2B8D2BB90086689B /* StoryDetailView.swift */; };
		5B9EAE162B8766620080FB35 /* SpinnerView.swift in Sources */ = {isa = PBXBuildFile; fileRef = 5B9EAE152B8766620080FB35 /* SpinnerView.swift */; };
		5B9EAE192B878F500080FB35 /* OnboardingBackgroundView.swift in Sources */ = {isa = PBXBuildFile; fileRef = 5B9EAE182B878F500080FB35 /* OnboardingBackgroundView.swift */; };
		5B9EAE1D2B87913B0080FB35 /* OnboardingView.swift in Sources */ = {isa = PBXBuildFile; fileRef = 5B9EAE1C2B87913B0080FB35 /* OnboardingView.swift */; };
		5B9EAE1F2B8791FC0080FB35 /* WelcomeView.swift in Sources */ = {isa = PBXBuildFile; fileRef = 5B9EAE1E2B8791FC0080FB35 /* WelcomeView.swift */; };
		5B9EAE212B8792250080FB35 /* NotificationsView.swift in Sources */ = {isa = PBXBuildFile; fileRef = 5B9EAE202B8792250080FB35 /* NotificationsView.swift */; };
		5B9EAE232B8792490080FB35 /* DemoStoriesView.swift in Sources */ = {isa = PBXBuildFile; fileRef = 5B9EAE222B8792490080FB35 /* DemoStoriesView.swift */; };
		5B9EAE252B87925F0080FB35 /* DemoRateAppView.swift in Sources */ = {isa = PBXBuildFile; fileRef = 5B9EAE242B87925F0080FB35 /* DemoRateAppView.swift */; };
		5B9EAE272B8793220080FB35 /* DemoQuizView.swift in Sources */ = {isa = PBXBuildFile; fileRef = 5B9EAE262B8793220080FB35 /* DemoQuizView.swift */; };
		5B9EAE292B8793E30080FB35 /* Color.swift in Sources */ = {isa = PBXBuildFile; fileRef = 5B9EAE282B8793E30080FB35 /* Color.swift */; };
		5B9EAE2B2B87C1ED0080FB35 /* TabBarView.swift in Sources */ = {isa = PBXBuildFile; fileRef = 5B9EAE2A2B87C1ED0080FB35 /* TabBarView.swift */; };
		5B9EAE2E2B87C30C0080FB35 /* AppBackgroundView.swift in Sources */ = {isa = PBXBuildFile; fileRef = 5B9EAE2D2B87C30C0080FB35 /* AppBackgroundView.swift */; };
		5B9EAE332B87C6130080FB35 /* HomeView.swift in Sources */ = {isa = PBXBuildFile; fileRef = 5B9EAE322B87C6130080FB35 /* HomeView.swift */; };
		5B9EAE352B87C6270080FB35 /* SignalsView.swift in Sources */ = {isa = PBXBuildFile; fileRef = 5B9EAE342B87C6270080FB35 /* SignalsView.swift */; };
		5B9EAE372B87C6460080FB35 /* SettingsView.swift in Sources */ = {isa = PBXBuildFile; fileRef = 5B9EAE362B87C6460080FB35 /* SettingsView.swift */; };
		5B9EAE392B87E3B30080FB35 /* PrivacyButtonView.swift in Sources */ = {isa = PBXBuildFile; fileRef = 5B9EAE382B87E3B30080FB35 /* PrivacyButtonView.swift */; };
		5B9EAE3B2B87E3BF0080FB35 /* SupportButtonView.swift in Sources */ = {isa = PBXBuildFile; fileRef = 5B9EAE3A2B87E3BF0080FB35 /* SupportButtonView.swift */; };
		5B9EAE3D2B87E7E00080FB35 /* RegSuccessView.swift in Sources */ = {isa = PBXBuildFile; fileRef = 5B9EAE3C2B87E7E00080FB35 /* RegSuccessView.swift */; };
		5B9EAE3F2B87E7EE0080FB35 /* DepSuccessView.swift in Sources */ = {isa = PBXBuildFile; fileRef = 5B9EAE3E2B87E7EE0080FB35 /* DepSuccessView.swift */; };
		5B9EAE412B87E7FC0080FB35 /* PushNotificationView.swift in Sources */ = {isa = PBXBuildFile; fileRef = 5B9EAE402B87E7FC0080FB35 /* PushNotificationView.swift */; };
		5B9EAE432B87E80D0080FB35 /* RegNowView.swift in Sources */ = {isa = PBXBuildFile; fileRef = 5B9EAE422B87E80D0080FB35 /* RegNowView.swift */; };
		5B9EAE452B87E8170080FB35 /* DepNowView.swift in Sources */ = {isa = PBXBuildFile; fileRef = 5B9EAE442B87E8170080FB35 /* DepNowView.swift */; };
		5BC0F18C2B8756E400E0E4AC /* QuizXguideApp.swift in Sources */ = {isa = PBXBuildFile; fileRef = 5BC0F18B2B8756E400E0E4AC /* QuizXguideApp.swift */; };
		5BC0F1902B8756E600E0E4AC /* Assets.xcassets in Resources */ = {isa = PBXBuildFile; fileRef = 5BC0F18F2B8756E600E0E4AC /* Assets.xcassets */; };
		5BC0F1932B8756E600E0E4AC /* Preview Assets.xcassets in Resources */ = {isa = PBXBuildFile; fileRef = 5BC0F1922B8756E600E0E4AC /* Preview Assets.xcassets */; };
		5BC0F1A62B8757E500E0E4AC /* LoadingView.swift in Sources */ = {isa = PBXBuildFile; fileRef = 5BC0F1A52B8757E500E0E4AC /* LoadingView.swift */; };
		5BC0F1A82B875AE400E0E4AC /* LaunchScreen.storyboard in Resources */ = {isa = PBXBuildFile; fileRef = 5BC0F1A72B875AE400E0E4AC /* LaunchScreen.storyboard */; };
		5BCB30822B891F5F0079B0AF /* SignalModel.swift in Sources */ = {isa = PBXBuildFile; fileRef = 5BCB30812B891F5F0079B0AF /* SignalModel.swift */; };
		5BCB30842B89257B0079B0AF /* SignalRowView.swift in Sources */ = {isa = PBXBuildFile; fileRef = 5BCB30832B89257B0079B0AF /* SignalRowView.swift */; };
		5BCB30862B8928CE0079B0AF /* SignalViewModel.swift in Sources */ = {isa = PBXBuildFile; fileRef = 5BCB30852B8928CE0079B0AF /* SignalViewModel.swift */; };
		5BD4E2942B94862500CB9BB3 /* FirstInfoQuizView.swift in Sources */ = {isa = PBXBuildFile; fileRef = 5BD4E2932B94862500CB9BB3 /* FirstInfoQuizView.swift */; };
		5BD4E2962B94863800CB9BB3 /* SecondInfoQuizView.swift in Sources */ = {isa = PBXBuildFile; fileRef = 5BD4E2952B94863800CB9BB3 /* SecondInfoQuizView.swift */; };
		5BD4E2982B9486F800CB9BB3 /* ThirdInfoQuizView.swift in Sources */ = {isa = PBXBuildFile; fileRef = 5BD4E2972B9486F800CB9BB3 /* ThirdInfoQuizView.swift */; };
		5BD4E29A2B94871A00CB9BB3 /* FourthInfoQuizView.swift in Sources */ = {isa = PBXBuildFile; fileRef = 5BD4E2992B94871A00CB9BB3 /* FourthInfoQuizView.swift */; };
		5BD4E29C2B94875300CB9BB3 /* FifthInfoQuizView.swift in Sources */ = {isa = PBXBuildFile; fileRef = 5BD4E29B2B94875300CB9BB3 /* FifthInfoQuizView.swift */; };
		5BD4E29E2B94876A00CB9BB3 /* SixthInfoQuizView.swift in Sources */ = {isa = PBXBuildFile; fileRef = 5BD4E29D2B94876A00CB9BB3 /* SixthInfoQuizView.swift */; };
		5BD4E2A02B94877700CB9BB3 /* SeventhInfoQuizView.swift in Sources */ = {isa = PBXBuildFile; fileRef = 5BD4E29F2B94877700CB9BB3 /* SeventhInfoQuizView.swift */; };
		5BD4E2A22B94878D00CB9BB3 /* EighthInfoQuizView.swift in Sources */ = {isa = PBXBuildFile; fileRef = 5BD4E2A12B94878D00CB9BB3 /* EighthInfoQuizView.swift */; };
		5BD4E2A42B9487A300CB9BB3 /* NinthInfoQuizView.swift in Sources */ = {isa = PBXBuildFile; fileRef = 5BD4E2A32B9487A300CB9BB3 /* NinthInfoQuizView.swift */; };
		5BD4E2A62B9487B600CB9BB3 /* TenthInfoQuizView.swift in Sources */ = {isa = PBXBuildFile; fileRef = 5BD4E2A52B9487B600CB9BB3 /* TenthInfoQuizView.swift */; };
		5BD4E2A82B9487D600CB9BB3 /* EleventhInfoQuizView.swift in Sources */ = {isa = PBXBuildFile; fileRef = 5BD4E2A72B9487D600CB9BB3 /* EleventhInfoQuizView.swift */; };
		5BD4E2AA2B9487E900CB9BB3 /* TwelfthInfoQuizView.swift in Sources */ = {isa = PBXBuildFile; fileRef = 5BD4E2A92B9487E900CB9BB3 /* TwelfthInfoQuizView.swift */; };
		5BD4E2AC2B94880100CB9BB3 /* ThirteenthInfoQuizView.swift in Sources */ = {isa = PBXBuildFile; fileRef = 5BD4E2AB2B94880100CB9BB3 /* ThirteenthInfoQuizView.swift */; };
		5BD707812B99E50B0036A280 /* HomeViewModel.swift in Sources */ = {isa = PBXBuildFile; fileRef = 5BD707802B99E50B0036A280 /* HomeViewModel.swift */; };
/* End PBXBuildFile section */

/* Begin PBXFileReference section */
		5B4A81362B97ACD8004164E7 /* ThirdQuizGameView.swift */ = {isa = PBXFileReference; lastKnownFileType = sourcecode.swift; path = ThirdQuizGameView.swift; sourceTree = "<group>"; };
		5B4A81382B97B258004164E7 /* FourthQuizGameView.swift */ = {isa = PBXFileReference; lastKnownFileType = sourcecode.swift; path = FourthQuizGameView.swift; sourceTree = "<group>"; };
		5B4A813A2B97B4E2004164E7 /* FifthQuizGameView.swift */ = {isa = PBXFileReference; lastKnownFileType = sourcecode.swift; path = FifthQuizGameView.swift; sourceTree = "<group>"; };
		5B4A813C2B97CB18004164E7 /* SixthQuizGameView.swift */ = {isa = PBXFileReference; lastKnownFileType = sourcecode.swift; path = SixthQuizGameView.swift; sourceTree = "<group>"; };
		5B4A813E2B97CEF2004164E7 /* SeventhQuizGameView.swift */ = {isa = PBXFileReference; lastKnownFileType = sourcecode.swift; path = SeventhQuizGameView.swift; sourceTree = "<group>"; };
		5B4A81402B97D223004164E7 /* EighthQuizGameView.swift */ = {isa = PBXFileReference; lastKnownFileType = sourcecode.swift; path = EighthQuizGameView.swift; sourceTree = "<group>"; };
		5B4A81422B97D442004164E7 /* NinthQuizGameView.swift */ = {isa = PBXFileReference; lastKnownFileType = sourcecode.swift; path = NinthQuizGameView.swift; sourceTree = "<group>"; };
		5B4A81442B97D93D004164E7 /* TenthQuizGameView.swift */ = {isa = PBXFileReference; lastKnownFileType = sourcecode.swift; path = TenthQuizGameView.swift; sourceTree = "<group>"; };
		5B4A81462B97DBDE004164E7 /* EleventhQuizGameView.swift */ = {isa = PBXFileReference; lastKnownFileType = sourcecode.swift; path = EleventhQuizGameView.swift; sourceTree = "<group>"; };
		5B4A81482B97DF5D004164E7 /* TwelfthQuizGameView.swift */ = {isa = PBXFileReference; lastKnownFileType = sourcecode.swift; path = TwelfthQuizGameView.swift; sourceTree = "<group>"; };
		5B4A814A2B97E4EF004164E7 /* ThirteenthQuizGameView.swift */ = {isa = PBXFileReference; lastKnownFileType = sourcecode.swift; path = ThirteenthQuizGameView.swift; sourceTree = "<group>"; };
		5B4A814C2B99357F004164E7 /* 12.swift */ = {isa = PBXFileReference; lastKnownFileType = sourcecode.swift; path = 12.swift; sourceTree = "<group>"; };
		5B817E2F2B95DDA7003A93F8 /* FirstQuizGameView.swift */ = {isa = PBXFileReference; lastKnownFileType = sourcecode.swift; path = FirstQuizGameView.swift; sourceTree = "<group>"; };
		5B817E332B95DF91003A93F8 /* ProgressBarView.swift */ = {isa = PBXFileReference; lastKnownFileType = sourcecode.swift; path = ProgressBarView.swift; sourceTree = "<group>"; };
		5B817E372B964D49003A93F8 /* CustomAlertView.swift */ = {isa = PBXFileReference; lastKnownFileType = sourcecode.swift; path = CustomAlertView.swift; sourceTree = "<group>"; };
		5B817E3A2B965C4B003A93F8 /* ArchiveLessonsView.swift */ = {isa = PBXFileReference; lastKnownFileType = sourcecode.swift; path = ArchiveLessonsView.swift; sourceTree = "<group>"; };
		5B817E422B966319003A93F8 /* QuizModel.swift */ = {isa = PBXFileReference; lastKnownFileType = sourcecode.swift; path = QuizModel.swift; sourceTree = "<group>"; };
		5B817E452B96647B003A93F8 /* QuizArchiveViewModel.swift */ = {isa = PBXFileReference; lastKnownFileType = sourcecode.swift; path = QuizArchiveViewModel.swift; sourceTree = "<group>"; };
		5B817E492B979C97003A93F8 /* SecondQuizGameView.swift */ = {isa = PBXFileReference; lastKnownFileType = sourcecode.swift; path = SecondQuizGameView.swift; sourceTree = "<group>"; };
		5B81D2372B8CB6100086689B /* StoryRowView.swift */ = {isa = PBXFileReference; lastKnownFileType = sourcecode.swift; path = StoryRowView.swift; sourceTree = "<group>"; };
		5B81D2392B8CB6D60086689B /* StoryModel.swift */ = {isa = PBXFileReference; lastKnownFileType = sourcecode.swift; path = StoryModel.swift; sourceTree = "<group>"; };
		5B81D23B2B8D271E0086689B /* StoryViewModel.swift */ = {isa = PBXFileReference; lastKnownFileType = sourcecode.swift; path = StoryViewModel.swift; sourceTree = "<group>"; };
		5B81D23D2B8D2BB90086689B /* StoryDetailView.swift */ = {isa = PBXFileReference; lastKnownFileType = sourcecode.swift; path = StoryDetailView.swift; sourceTree = "<group>"; };
		5B9EAE152B8766620080FB35 /* SpinnerView.swift */ = {isa = PBXFileReference; lastKnownFileType = sourcecode.swift; path = SpinnerView.swift; sourceTree = "<group>"; };
		5B9EAE182B878F500080FB35 /* OnboardingBackgroundView.swift */ = {isa = PBXFileReference; lastKnownFileType = sourcecode.swift; path = OnboardingBackgroundView.swift; sourceTree = "<group>"; };
		5B9EAE1C2B87913B0080FB35 /* OnboardingView.swift */ = {isa = PBXFileReference; lastKnownFileType = sourcecode.swift; path = OnboardingView.swift; sourceTree = "<group>"; };
		5B9EAE1E2B8791FC0080FB35 /* WelcomeView.swift */ = {isa = PBXFileReference; lastKnownFileType = sourcecode.swift; path = WelcomeView.swift; sourceTree = "<group>"; };
		5B9EAE202B8792250080FB35 /* NotificationsView.swift */ = {isa = PBXFileReference; lastKnownFileType = sourcecode.swift; path = NotificationsView.swift; sourceTree = "<group>"; };
		5B9EAE222B8792490080FB35 /* DemoStoriesView.swift */ = {isa = PBXFileReference; lastKnownFileType = sourcecode.swift; path = DemoStoriesView.swift; sourceTree = "<group>"; };
		5B9EAE242B87925F0080FB35 /* DemoRateAppView.swift */ = {isa = PBXFileReference; lastKnownFileType = sourcecode.swift; path = DemoRateAppView.swift; sourceTree = "<group>"; };
		5B9EAE262B8793220080FB35 /* DemoQuizView.swift */ = {isa = PBXFileReference; lastKnownFileType = sourcecode.swift; path = DemoQuizView.swift; sourceTree = "<group>"; };
		5B9EAE282B8793E30080FB35 /* Color.swift */ = {isa = PBXFileReference; lastKnownFileType = sourcecode.swift; path = Color.swift; sourceTree = "<group>"; };
		5B9EAE2A2B87C1ED0080FB35 /* TabBarView.swift */ = {isa = PBXFileReference; lastKnownFileType = sourcecode.swift; path = TabBarView.swift; sourceTree = "<group>"; };
		5B9EAE2D2B87C30C0080FB35 /* AppBackgroundView.swift */ = {isa = PBXFileReference; lastKnownFileType = sourcecode.swift; path = AppBackgroundView.swift; sourceTree = "<group>"; };
		5B9EAE322B87C6130080FB35 /* HomeView.swift */ = {isa = PBXFileReference; lastKnownFileType = sourcecode.swift; path = HomeView.swift; sourceTree = "<group>"; };
		5B9EAE342B87C6270080FB35 /* SignalsView.swift */ = {isa = PBXFileReference; lastKnownFileType = sourcecode.swift; path = SignalsView.swift; sourceTree = "<group>"; };
		5B9EAE362B87C6460080FB35 /* SettingsView.swift */ = {isa = PBXFileReference; lastKnownFileType = sourcecode.swift; path = SettingsView.swift; sourceTree = "<group>"; };
		5B9EAE382B87E3B30080FB35 /* PrivacyButtonView.swift */ = {isa = PBXFileReference; lastKnownFileType = sourcecode.swift; path = PrivacyButtonView.swift; sourceTree = "<group>"; };
		5B9EAE3A2B87E3BF0080FB35 /* SupportButtonView.swift */ = {isa = PBXFileReference; lastKnownFileType = sourcecode.swift; path = SupportButtonView.swift; sourceTree = "<group>"; };
		5B9EAE3C2B87E7E00080FB35 /* RegSuccessView.swift */ = {isa = PBXFileReference; lastKnownFileType = sourcecode.swift; path = RegSuccessView.swift; sourceTree = "<group>"; };
		5B9EAE3E2B87E7EE0080FB35 /* DepSuccessView.swift */ = {isa = PBXFileReference; lastKnownFileType = sourcecode.swift; path = DepSuccessView.swift; sourceTree = "<group>"; };
		5B9EAE402B87E7FC0080FB35 /* PushNotificationView.swift */ = {isa = PBXFileReference; lastKnownFileType = sourcecode.swift; path = PushNotificationView.swift; sourceTree = "<group>"; };
		5B9EAE422B87E80D0080FB35 /* RegNowView.swift */ = {isa = PBXFileReference; lastKnownFileType = sourcecode.swift; path = RegNowView.swift; sourceTree = "<group>"; };
		5B9EAE442B87E8170080FB35 /* DepNowView.swift */ = {isa = PBXFileReference; lastKnownFileType = sourcecode.swift; path = DepNowView.swift; sourceTree = "<group>"; };
		5BC0F1882B8756E400E0E4AC /* QuizXguide.app */ = {isa = PBXFileReference; explicitFileType = wrapper.application; includeInIndex = 0; path = QuizXguide.app; sourceTree = BUILT_PRODUCTS_DIR; };
		5BC0F18B2B8756E400E0E4AC /* QuizXguideApp.swift */ = {isa = PBXFileReference; lastKnownFileType = sourcecode.swift; path = QuizXguideApp.swift; sourceTree = "<group>"; };
		5BC0F18F2B8756E600E0E4AC /* Assets.xcassets */ = {isa = PBXFileReference; lastKnownFileType = folder.assetcatalog; path = Assets.xcassets; sourceTree = "<group>"; };
		5BC0F1922B8756E600E0E4AC /* Preview Assets.xcassets */ = {isa = PBXFileReference; lastKnownFileType = folder.assetcatalog; path = "Preview Assets.xcassets"; sourceTree = "<group>"; };
		5BC0F1A52B8757E500E0E4AC /* LoadingView.swift */ = {isa = PBXFileReference; lastKnownFileType = sourcecode.swift; path = LoadingView.swift; sourceTree = "<group>"; };
		5BC0F1A72B875AE400E0E4AC /* LaunchScreen.storyboard */ = {isa = PBXFileReference; lastKnownFileType = file.storyboard; path = LaunchScreen.storyboard; sourceTree = "<group>"; };
		5BCB30812B891F5F0079B0AF /* SignalModel.swift */ = {isa = PBXFileReference; lastKnownFileType = sourcecode.swift; path = SignalModel.swift; sourceTree = "<group>"; };
		5BCB30832B89257B0079B0AF /* SignalRowView.swift */ = {isa = PBXFileReference; lastKnownFileType = sourcecode.swift; path = SignalRowView.swift; sourceTree = "<group>"; };
		5BCB30852B8928CE0079B0AF /* SignalViewModel.swift */ = {isa = PBXFileReference; lastKnownFileType = sourcecode.swift; path = SignalViewModel.swift; sourceTree = "<group>"; };
		5BD4E2932B94862500CB9BB3 /* FirstInfoQuizView.swift */ = {isa = PBXFileReference; lastKnownFileType = sourcecode.swift; path = FirstInfoQuizView.swift; sourceTree = "<group>"; };
		5BD4E2952B94863800CB9BB3 /* SecondInfoQuizView.swift */ = {isa = PBXFileReference; lastKnownFileType = sourcecode.swift; path = SecondInfoQuizView.swift; sourceTree = "<group>"; };
		5BD4E2972B9486F800CB9BB3 /* ThirdInfoQuizView.swift */ = {isa = PBXFileReference; lastKnownFileType = sourcecode.swift; path = ThirdInfoQuizView.swift; sourceTree = "<group>"; };
		5BD4E2992B94871A00CB9BB3 /* FourthInfoQuizView.swift */ = {isa = PBXFileReference; lastKnownFileType = sourcecode.swift; path = FourthInfoQuizView.swift; sourceTree = "<group>"; };
		5BD4E29B2B94875300CB9BB3 /* FifthInfoQuizView.swift */ = {isa = PBXFileReference; lastKnownFileType = sourcecode.swift; path = FifthInfoQuizView.swift; sourceTree = "<group>"; };
		5BD4E29D2B94876A00CB9BB3 /* SixthInfoQuizView.swift */ = {isa = PBXFileReference; lastKnownFileType = sourcecode.swift; path = SixthInfoQuizView.swift; sourceTree = "<group>"; };
		5BD4E29F2B94877700CB9BB3 /* SeventhInfoQuizView.swift */ = {isa = PBXFileReference; lastKnownFileType = sourcecode.swift; path = SeventhInfoQuizView.swift; sourceTree = "<group>"; };
		5BD4E2A12B94878D00CB9BB3 /* EighthInfoQuizView.swift */ = {isa = PBXFileReference; lastKnownFileType = sourcecode.swift; path = EighthInfoQuizView.swift; sourceTree = "<group>"; };
		5BD4E2A32B9487A300CB9BB3 /* NinthInfoQuizView.swift */ = {isa = PBXFileReference; lastKnownFileType = sourcecode.swift; path = NinthInfoQuizView.swift; sourceTree = "<group>"; };
		5BD4E2A52B9487B600CB9BB3 /* TenthInfoQuizView.swift */ = {isa = PBXFileReference; lastKnownFileType = sourcecode.swift; path = TenthInfoQuizView.swift; sourceTree = "<group>"; };
		5BD4E2A72B9487D600CB9BB3 /* EleventhInfoQuizView.swift */ = {isa = PBXFileReference; lastKnownFileType = sourcecode.swift; path = EleventhInfoQuizView.swift; sourceTree = "<group>"; };
		5BD4E2A92B9487E900CB9BB3 /* TwelfthInfoQuizView.swift */ = {isa = PBXFileReference; lastKnownFileType = sourcecode.swift; path = TwelfthInfoQuizView.swift; sourceTree = "<group>"; };
		5BD4E2AB2B94880100CB9BB3 /* ThirteenthInfoQuizView.swift */ = {isa = PBXFileReference; lastKnownFileType = sourcecode.swift; path = ThirteenthInfoQuizView.swift; sourceTree = "<group>"; };
		5BD707802B99E50B0036A280 /* HomeViewModel.swift */ = {isa = PBXFileReference; lastKnownFileType = sourcecode.swift; path = HomeViewModel.swift; sourceTree = "<group>"; };
/* End PBXFileReference section */

/* Begin PBXFrameworksBuildPhase section */
		5BC0F1852B8756E400E0E4AC /* Frameworks */ = {
			isa = PBXFrameworksBuildPhase;
			buildActionMask = 2147483647;
			files = (
			);
			runOnlyForDeploymentPostprocessing = 0;
		};
/* End PBXFrameworksBuildPhase section */

/* Begin PBXGroup section */
		5B817E2E2B95DD74003A93F8 /* QuizGames */ = {
			isa = PBXGroup;
			children = (
				5B817E2F2B95DDA7003A93F8 /* FirstQuizGameView.swift */,
				5B817E492B979C97003A93F8 /* SecondQuizGameView.swift */,
				5B4A81362B97ACD8004164E7 /* ThirdQuizGameView.swift */,
				5B4A81382B97B258004164E7 /* FourthQuizGameView.swift */,
				5B4A813A2B97B4E2004164E7 /* FifthQuizGameView.swift */,
				5B4A813C2B97CB18004164E7 /* SixthQuizGameView.swift */,
				5B4A813E2B97CEF2004164E7 /* SeventhQuizGameView.swift */,
				5B4A81402B97D223004164E7 /* EighthQuizGameView.swift */,
				5B4A81422B97D442004164E7 /* NinthQuizGameView.swift */,
				5B4A81442B97D93D004164E7 /* TenthQuizGameView.swift */,
				5B4A81462B97DBDE004164E7 /* EleventhQuizGameView.swift */,
				5B4A81482B97DF5D004164E7 /* TwelfthQuizGameView.swift */,
				5B4A814A2B97E4EF004164E7 /* ThirteenthQuizGameView.swift */,
			);
			path = QuizGames;
			sourceTree = "<group>";
		};
		5B817E392B965C39003A93F8 /* Archive */ = {
			isa = PBXGroup;
			children = (
				5B817E3A2B965C4B003A93F8 /* ArchiveLessonsView.swift */,
			);
			path = Archive;
			sourceTree = "<group>";
		};
		5B817E412B96630B003A93F8 /* Model */ = {
			isa = PBXGroup;
			children = (
				5B817E422B966319003A93F8 /* QuizModel.swift */,
			);
			path = Model;
			sourceTree = "<group>";
		};
		5B817E442B96646D003A93F8 /* ViewModel */ = {
			isa = PBXGroup;
			children = (
				5B817E452B96647B003A93F8 /* QuizArchiveViewModel.swift */,
			);
			path = ViewModel;
			sourceTree = "<group>";
		};
		5B81D2332B8CB28E0086689B /* ViewModel */ = {
			isa = PBXGroup;
			children = (
				5B81D23B2B8D271E0086689B /* StoryViewModel.swift */,
			);
			path = ViewModel;
			sourceTree = "<group>";
		};
		5B81D2342B8CB2920086689B /* View */ = {
			isa = PBXGroup;
			children = (
				5B81D2372B8CB6100086689B /* StoryRowView.swift */,
			);
			path = View;
			sourceTree = "<group>";
		};
		5B81D2352B8CB2940086689B /* Model */ = {
			isa = PBXGroup;
			children = (
				5B81D2392B8CB6D60086689B /* StoryModel.swift */,
			);
			path = Model;
			sourceTree = "<group>";
		};
		5B81D2362B8CB2C10086689B /* Stories */ = {
			isa = PBXGroup;
			children = (
				5B81D23D2B8D2BB90086689B /* StoryDetailView.swift */,
				5B81D2352B8CB2940086689B /* Model */,
				5B81D2342B8CB2920086689B /* View */,
				5B81D2332B8CB28E0086689B /* ViewModel */,
			);
			path = Stories;
			sourceTree = "<group>";
		};
		5B9EAE172B878F2A0080FB35 /* Background */ = {
			isa = PBXGroup;
			children = (
				5B9EAE182B878F500080FB35 /* OnboardingBackgroundView.swift */,
			);
			path = Background;
			sourceTree = "<group>";
		};
		5B9EAE1A2B8790F10080FB35 /* OnboardingViews */ = {
			isa = PBXGroup;
			children = (
				5B9EAE1E2B8791FC0080FB35 /* WelcomeView.swift */,
				5B9EAE202B8792250080FB35 /* NotificationsView.swift */,
				5B9EAE222B8792490080FB35 /* DemoStoriesView.swift */,
				5B9EAE242B87925F0080FB35 /* DemoRateAppView.swift */,
				5B9EAE262B8793220080FB35 /* DemoQuizView.swift */,
			);
			path = OnboardingViews;
			sourceTree = "<group>";
		};
		5B9EAE1B2B8790F40080FB35 /* Onboarding */ = {
			isa = PBXGroup;
			children = (
				5B9EAE1C2B87913B0080FB35 /* OnboardingView.swift */,
			);
			path = Onboarding;
			sourceTree = "<group>";
		};
		5B9EAE2C2B87C2E10080FB35 /* Background */ = {
			isa = PBXGroup;
			children = (
				5B9EAE2D2B87C30C0080FB35 /* AppBackgroundView.swift */,
			);
			path = Background;
			sourceTree = "<group>";
		};
		5B9EAE2F2B87C5F70080FB35 /* SettingsTab */ = {
			isa = PBXGroup;
			children = (
				5B9EAE362B87C6460080FB35 /* SettingsView.swift */,
			);
			path = SettingsTab;
			sourceTree = "<group>";
		};
		5B9EAE302B87C5FA0080FB35 /* SignalsTab */ = {
			isa = PBXGroup;
			children = (
				5B9EAE342B87C6270080FB35 /* SignalsView.swift */,
				5BCB30802B891F130079B0AF /* Model */,
				5BCB307F2B891F100079B0AF /* View */,
				5BCB307E2B891F0E0079B0AF /* ViewModel */,
			);
			path = SignalsTab;
			sourceTree = "<group>";
		};
		5B9EAE312B87C5FC0080FB35 /* HomeTab */ = {
			isa = PBXGroup;
			children = (
				5B9EAE322B87C6130080FB35 /* HomeView.swift */,
				5BD707802B99E50B0036A280 /* HomeViewModel.swift */,
				5B81D2362B8CB2C10086689B /* Stories */,
				5BCE5C2F2B926FD30057EC73 /* Quizzes */,
				5B817E392B965C39003A93F8 /* Archive */,
			);
			path = HomeTab;
			sourceTree = "<group>";
		};
		5BC0F17F2B8756E400E0E4AC = {
			isa = PBXGroup;
			children = (
				5BC0F18A2B8756E400E0E4AC /* QuizXguide */,
				5BC0F1892B8756E400E0E4AC /* Products */,
			);
			sourceTree = "<group>";
		};
		5BC0F1892B8756E400E0E4AC /* Products */ = {
			isa = PBXGroup;
			children = (
				5BC0F1882B8756E400E0E4AC /* QuizXguide.app */,
			);
			name = Products;
			sourceTree = "<group>";
		};
		5BC0F18A2B8756E400E0E4AC /* QuizXguide */ = {
			isa = PBXGroup;
			children = (
				5BC0F1992B8756F800E0E4AC /* App */,
				5BC0F1912B8756E600E0E4AC /* Preview Content */,
				5BC0F19E2B87577800E0E4AC /* Extensions */,
				5BC0F1A22B87578500E0E4AC /* Core */,
			);
			path = QuizXguide;
			sourceTree = "<group>";
		};
		5BC0F1912B8756E600E0E4AC /* Preview Content */ = {
			isa = PBXGroup;
			children = (
				5BC0F1922B8756E600E0E4AC /* Preview Assets.xcassets */,
			);
			path = "Preview Content";
			sourceTree = "<group>";
		};
		5BC0F1992B8756F800E0E4AC /* App */ = {
			isa = PBXGroup;
			children = (
				5BC0F18B2B8756E400E0E4AC /* QuizXguideApp.swift */,
				5BC0F18F2B8756E600E0E4AC /* Assets.xcassets */,
			);
			path = App;
			sourceTree = "<group>";
		};
		5BC0F19B2B87577100E0E4AC /* Localizable */ = {
			isa = PBXGroup;
			children = (
				5B4A814C2B99357F004164E7 /* 12.swift */,
			);
			path = Localizable;
			sourceTree = "<group>";
		};
		5BC0F19C2B87577400E0E4AC /* Successfull */ = {
			isa = PBXGroup;
			children = (
				5B9EAE3C2B87E7E00080FB35 /* RegSuccessView.swift */,
				5B9EAE3E2B87E7EE0080FB35 /* DepSuccessView.swift */,
				5B9EAE402B87E7FC0080FB35 /* PushNotificationView.swift */,
				5B9EAE422B87E80D0080FB35 /* RegNowView.swift */,
				5B9EAE442B87E8170080FB35 /* DepNowView.swift */,
			);
			path = Successfull;
			sourceTree = "<group>";
		};
		5BC0F19D2B87577600E0E4AC /* TabBarView */ = {
			isa = PBXGroup;
			children = (
				5B9EAE2C2B87C2E10080FB35 /* Background */,
				5B9EAE2A2B87C1ED0080FB35 /* TabBarView.swift */,
				5B9EAE312B87C5FC0080FB35 /* HomeTab */,
				5B9EAE302B87C5FA0080FB35 /* SignalsTab */,
				5B9EAE2F2B87C5F70080FB35 /* SettingsTab */,
			);
			path = TabBarView;
			sourceTree = "<group>";
		};
		5BC0F19E2B87577800E0E4AC /* Extensions */ = {
			isa = PBXGroup;
			children = (
				5B9EAE282B8793E30080FB35 /* Color.swift */,
			);
			path = Extensions;
			sourceTree = "<group>";
		};
		5BC0F19F2B87577A00E0E4AC /* Main */ = {
			isa = PBXGroup;
			children = (
				5B9EAE172B878F2A0080FB35 /* Background */,
				5B9EAE1B2B8790F40080FB35 /* Onboarding */,
				5B9EAE1A2B8790F10080FB35 /* OnboardingViews */,
			);
			path = Main;
			sourceTree = "<group>";
		};
		5BC0F1A02B87578000E0E4AC /* Components */ = {
			isa = PBXGroup;
			children = (
				5B9EAE152B8766620080FB35 /* SpinnerView.swift */,
				5B9EAE382B87E3B30080FB35 /* PrivacyButtonView.swift */,
				5B9EAE3A2B87E3BF0080FB35 /* SupportButtonView.swift */,
				5B817E332B95DF91003A93F8 /* ProgressBarView.swift */,
				5B817E372B964D49003A93F8 /* CustomAlertView.swift */,
			);
			path = Components;
			sourceTree = "<group>";
		};
		5BC0F1A12B87578300E0E4AC /* Preloader */ = {
			isa = PBXGroup;
			children = (
				5BC0F1A42B8757B500E0E4AC /* Launch */,
				5BC0F1A32B8757B300E0E4AC /* Loading */,
			);
			path = Preloader;
			sourceTree = "<group>";
		};
		5BC0F1A22B87578500E0E4AC /* Core */ = {
			isa = PBXGroup;
			children = (
				5BC0F1A02B87578000E0E4AC /* Components */,
				5BC0F1A12B87578300E0E4AC /* Preloader */,
				5BC0F19F2B87577A00E0E4AC /* Main */,
				5BC0F19D2B87577600E0E4AC /* TabBarView */,
				5BC0F19C2B87577400E0E4AC /* Successfull */,
				5BC0F19B2B87577100E0E4AC /* Localizable */,
			);
			path = Core;
			sourceTree = "<group>";
		};
		5BC0F1A32B8757B300E0E4AC /* Loading */ = {
			isa = PBXGroup;
			children = (
				5BC0F1A52B8757E500E0E4AC /* LoadingView.swift */,
			);
			path = Loading;
			sourceTree = "<group>";
		};
		5BC0F1A42B8757B500E0E4AC /* Launch */ = {
			isa = PBXGroup;
			children = (
				5BC0F1A72B875AE400E0E4AC /* LaunchScreen.storyboard */,
			);
			path = Launch;
			sourceTree = "<group>";
		};
		5BCB307E2B891F0E0079B0AF /* ViewModel */ = {
			isa = PBXGroup;
			children = (
				5BCB30852B8928CE0079B0AF /* SignalViewModel.swift */,
			);
			path = ViewModel;
			sourceTree = "<group>";
		};
		5BCB307F2B891F100079B0AF /* View */ = {
			isa = PBXGroup;
			children = (
				5BCB30832B89257B0079B0AF /* SignalRowView.swift */,
			);
			path = View;
			sourceTree = "<group>";
		};
		5BCB30802B891F130079B0AF /* Model */ = {
			isa = PBXGroup;
			children = (
				5BCB30812B891F5F0079B0AF /* SignalModel.swift */,
			);
			path = Model;
			sourceTree = "<group>";
		};
		5BCE5C2F2B926FD30057EC73 /* Quizzes */ = {
			isa = PBXGroup;
			children = (
				5B817E442B96646D003A93F8 /* ViewModel */,
				5B817E412B96630B003A93F8 /* Model */,
				5BD4E2922B9485D400CB9BB3 /* InfoOfQuizzes */,
				5B817E2E2B95DD74003A93F8 /* QuizGames */,
			);
			path = Quizzes;
			sourceTree = "<group>";
		};
		5BD4E2922B9485D400CB9BB3 /* InfoOfQuizzes */ = {
			isa = PBXGroup;
			children = (
				5BD4E2932B94862500CB9BB3 /* FirstInfoQuizView.swift */,
				5BD4E2952B94863800CB9BB3 /* SecondInfoQuizView.swift */,
				5BD4E2972B9486F800CB9BB3 /* ThirdInfoQuizView.swift */,
				5BD4E2992B94871A00CB9BB3 /* FourthInfoQuizView.swift */,
				5BD4E29B2B94875300CB9BB3 /* FifthInfoQuizView.swift */,
				5BD4E29D2B94876A00CB9BB3 /* SixthInfoQuizView.swift */,
				5BD4E29F2B94877700CB9BB3 /* SeventhInfoQuizView.swift */,
				5BD4E2A12B94878D00CB9BB3 /* EighthInfoQuizView.swift */,
				5BD4E2A32B9487A300CB9BB3 /* NinthInfoQuizView.swift */,
				5BD4E2A52B9487B600CB9BB3 /* TenthInfoQuizView.swift */,
				5BD4E2A72B9487D600CB9BB3 /* EleventhInfoQuizView.swift */,
				5BD4E2A92B9487E900CB9BB3 /* TwelfthInfoQuizView.swift */,
				5BD4E2AB2B94880100CB9BB3 /* ThirteenthInfoQuizView.swift */,
			);
			path = InfoOfQuizzes;
			sourceTree = "<group>";
		};
/* End PBXGroup section */

/* Begin PBXNativeTarget section */
		5BC0F1872B8756E400E0E4AC /* QuizXguide */ = {
			isa = PBXNativeTarget;
			buildConfigurationList = 5BC0F1962B8756E600E0E4AC /* Build configuration list for PBXNativeTarget "QuizXguide" */;
			buildPhases = (
				5BC0F1842B8756E400E0E4AC /* Sources */,
				5BC0F1852B8756E400E0E4AC /* Frameworks */,
				5BC0F1862B8756E400E0E4AC /* Resources */,
			);
			buildRules = (
			);
			dependencies = (
			);
			name = QuizXguide;
			productName = QuizXguide;
			productReference = 5BC0F1882B8756E400E0E4AC /* QuizXguide.app */;
			productType = "com.apple.product-type.application";
		};
/* End PBXNativeTarget section */

/* Begin PBXProject section */
		5BC0F1802B8756E400E0E4AC /* Project object */ = {
			isa = PBXProject;
			attributes = {
				BuildIndependentTargetsInParallel = 1;
				LastSwiftUpdateCheck = 1520;
				LastUpgradeCheck = 1520;
				TargetAttributes = {
					5BC0F1872B8756E400E0E4AC = {
						CreatedOnToolsVersion = 15.2;
					};
				};
			};
			buildConfigurationList = 5BC0F1832B8756E400E0E4AC /* Build configuration list for PBXProject "QuizXguide" */;
			compatibilityVersion = "Xcode 14.0";
			developmentRegion = en;
			hasScannedForEncodings = 0;
			knownRegions = (
				en,
				Base,
			);
			mainGroup = 5BC0F17F2B8756E400E0E4AC;
			productRefGroup = 5BC0F1892B8756E400E0E4AC /* Products */;
			projectDirPath = "";
			projectRoot = "";
			targets = (
				5BC0F1872B8756E400E0E4AC /* QuizXguide */,
			);
		};
/* End PBXProject section */

/* Begin PBXResourcesBuildPhase section */
		5BC0F1862B8756E400E0E4AC /* Resources */ = {
			isa = PBXResourcesBuildPhase;
			buildActionMask = 2147483647;
			files = (
				5BC0F1A82B875AE400E0E4AC /* LaunchScreen.storyboard in Resources */,
				5BC0F1932B8756E600E0E4AC /* Preview Assets.xcassets in Resources */,
				5BC0F1902B8756E600E0E4AC /* Assets.xcassets in Resources */,
			);
			runOnlyForDeploymentPostprocessing = 0;
		};
/* End PBXResourcesBuildPhase section */

/* Begin PBXSourcesBuildPhase section */
		5BC0F1842B8756E400E0E4AC /* Sources */ = {
			isa = PBXSourcesBuildPhase;
			buildActionMask = 2147483647;
			files = (
				5B817E302B95DDA7003A93F8 /* FirstQuizGameView.swift in Sources */,
				5B9EAE3F2B87E7EE0080FB35 /* DepSuccessView.swift in Sources */,
				5B4A81412B97D223004164E7 /* EighthQuizGameView.swift in Sources */,
				5B81D23C2B8D271E0086689B /* StoryViewModel.swift in Sources */,
				5B4A813F2B97CEF2004164E7 /* SeventhQuizGameView.swift in Sources */,
				5B4A814B2B97E4EF004164E7 /* ThirteenthQuizGameView.swift in Sources */,
				5B9EAE452B87E8170080FB35 /* DepNowView.swift in Sources */,
				5BCB30842B89257B0079B0AF /* SignalRowView.swift in Sources */,
				5B4A81392B97B258004164E7 /* FourthQuizGameView.swift in Sources */,
				5B817E432B966319003A93F8 /* QuizModel.swift in Sources */,
				5BD4E2982B9486F800CB9BB3 /* ThirdInfoQuizView.swift in Sources */,
				5B4A813D2B97CB18004164E7 /* SixthQuizGameView.swift in Sources */,
				5B9EAE392B87E3B30080FB35 /* PrivacyButtonView.swift in Sources */,
				5BD4E2A82B9487D600CB9BB3 /* EleventhInfoQuizView.swift in Sources */,
				5BD4E2A22B94878D00CB9BB3 /* EighthInfoQuizView.swift in Sources */,
				5B817E462B96647B003A93F8 /* QuizArchiveViewModel.swift in Sources */,
				5BC0F18C2B8756E400E0E4AC /* QuizXguideApp.swift in Sources */,
				5B9EAE332B87C6130080FB35 /* HomeView.swift in Sources */,
				5B9EAE252B87925F0080FB35 /* DemoRateAppView.swift in Sources */,
				5B9EAE352B87C6270080FB35 /* SignalsView.swift in Sources */,
				5B817E4A2B979C97003A93F8 /* SecondQuizGameView.swift in Sources */,
				5BD4E29C2B94875300CB9BB3 /* FifthInfoQuizView.swift in Sources */,
				5BD4E2AC2B94880100CB9BB3 /* ThirteenthInfoQuizView.swift in Sources */,
				5B9EAE292B8793E30080FB35 /* Color.swift in Sources */,
				5B81D2382B8CB6100086689B /* StoryRowView.swift in Sources */,
				5B9EAE232B8792490080FB35 /* DemoStoriesView.swift in Sources */,
				5BD4E2A02B94877700CB9BB3 /* SeventhInfoQuizView.swift in Sources */,
				5B817E342B95DF91003A93F8 /* ProgressBarView.swift in Sources */,
				5B817E382B964D49003A93F8 /* CustomAlertView.swift in Sources */,
				5B4A81372B97ACD8004164E7 /* ThirdQuizGameView.swift in Sources */,
				5BD4E2AA2B9487E900CB9BB3 /* TwelfthInfoQuizView.swift in Sources */,
				5B4A81432B97D442004164E7 /* NinthQuizGameView.swift in Sources */,
				5B4A81452B97D93D004164E7 /* TenthQuizGameView.swift in Sources */,
				5B9EAE1F2B8791FC0080FB35 /* WelcomeView.swift in Sources */,
				5B9EAE162B8766620080FB35 /* SpinnerView.swift in Sources */,
				5B9EAE412B87E7FC0080FB35 /* PushNotificationView.swift in Sources */,
				5B817E3B2B965C4B003A93F8 /* ArchiveLessonsView.swift in Sources */,
				5BD707812B99E50B0036A280 /* HomeViewModel.swift in Sources */,
				5B81D23E2B8D2BB90086689B /* StoryDetailView.swift in Sources */,
				5B4A814D2B99357F004164E7 /* 12.swift in Sources */,
				5B9EAE192B878F500080FB35 /* OnboardingBackgroundView.swift in Sources */,
				5B9EAE372B87C6460080FB35 /* SettingsView.swift in Sources */,
				5B9EAE272B8793220080FB35 /* DemoQuizView.swift in Sources */,
				5BCB30822B891F5F0079B0AF /* SignalModel.swift in Sources */,
				5BD4E29E2B94876A00CB9BB3 /* SixthInfoQuizView.swift in Sources */,
				5B9EAE432B87E80D0080FB35 /* RegNowView.swift in Sources */,
				5BD4E2A62B9487B600CB9BB3 /* TenthInfoQuizView.swift in Sources */,
				5BD4E2942B94862500CB9BB3 /* FirstInfoQuizView.swift in Sources */,
				5B9EAE2E2B87C30C0080FB35 /* AppBackgroundView.swift in Sources */,
				5B81D23A2B8CB6D60086689B /* StoryModel.swift in Sources */,
				5B4A81472B97DBDE004164E7 /* EleventhQuizGameView.swift in Sources */,
				5B9EAE3D2B87E7E00080FB35 /* RegSuccessView.swift in Sources */,
				5BCB30862B8928CE0079B0AF /* SignalViewModel.swift in Sources */,
				5BD4E2962B94863800CB9BB3 /* SecondInfoQuizView.swift in Sources */,
				5B9EAE1D2B87913B0080FB35 /* OnboardingView.swift in Sources */,
				5BD4E29A2B94871A00CB9BB3 /* FourthInfoQuizView.swift in Sources */,
				5BC0F1A62B8757E500E0E4AC /* LoadingView.swift in Sources */,
				5B9EAE2B2B87C1ED0080FB35 /* TabBarView.swift in Sources */,
				5BD4E2A42B9487A300CB9BB3 /* NinthInfoQuizView.swift in Sources */,
				5B4A81492B97DF5D004164E7 /* TwelfthQuizGameView.swift in Sources */,
				5B9EAE3B2B87E3BF0080FB35 /* SupportButtonView.swift in Sources */,
				5B4A813B2B97B4E2004164E7 /* FifthQuizGameView.swift in Sources */,
				5B9EAE212B8792250080FB35 /* NotificationsView.swift in Sources */,
			);
			runOnlyForDeploymentPostprocessing = 0;
		};
/* End PBXSourcesBuildPhase section */

/* Begin XCBuildConfiguration section */
		5BC0F1942B8756E600E0E4AC /* Debug */ = {
			isa = XCBuildConfiguration;
			buildSettings = {
				ALWAYS_SEARCH_USER_PATHS = NO;
				ASSETCATALOG_COMPILER_GENERATE_SWIFT_ASSET_SYMBOL_EXTENSIONS = YES;
				CLANG_ANALYZER_NONNULL = YES;
				CLANG_ANALYZER_NUMBER_OBJECT_CONVERSION = YES_AGGRESSIVE;
				CLANG_CXX_LANGUAGE_STANDARD = "gnu++20";
				CLANG_ENABLE_MODULES = YES;
				CLANG_ENABLE_OBJC_ARC = YES;
				CLANG_ENABLE_OBJC_WEAK = YES;
				CLANG_WARN_BLOCK_CAPTURE_AUTORELEASING = YES;
				CLANG_WARN_BOOL_CONVERSION = YES;
				CLANG_WARN_COMMA = YES;
				CLANG_WARN_CONSTANT_CONVERSION = YES;
				CLANG_WARN_DEPRECATED_OBJC_IMPLEMENTATIONS = YES;
				CLANG_WARN_DIRECT_OBJC_ISA_USAGE = YES_ERROR;
				CLANG_WARN_DOCUMENTATION_COMMENTS = YES;
				CLANG_WARN_EMPTY_BODY = YES;
				CLANG_WARN_ENUM_CONVERSION = YES;
				CLANG_WARN_INFINITE_RECURSION = YES;
				CLANG_WARN_INT_CONVERSION = YES;
				CLANG_WARN_NON_LITERAL_NULL_CONVERSION = YES;
				CLANG_WARN_OBJC_IMPLICIT_RETAIN_SELF = YES;
				CLANG_WARN_OBJC_LITERAL_CONVERSION = YES;
				CLANG_WARN_OBJC_ROOT_CLASS = YES_ERROR;
				CLANG_WARN_QUOTED_INCLUDE_IN_FRAMEWORK_HEADER = YES;
				CLANG_WARN_RANGE_LOOP_ANALYSIS = YES;
				CLANG_WARN_STRICT_PROTOTYPES = YES;
				CLANG_WARN_SUSPICIOUS_MOVE = YES;
				CLANG_WARN_UNGUARDED_AVAILABILITY = YES_AGGRESSIVE;
				CLANG_WARN_UNREACHABLE_CODE = YES;
				CLANG_WARN__DUPLICATE_METHOD_MATCH = YES;
				COPY_PHASE_STRIP = NO;
				DEBUG_INFORMATION_FORMAT = dwarf;
				ENABLE_STRICT_OBJC_MSGSEND = YES;
				ENABLE_TESTABILITY = YES;
				ENABLE_USER_SCRIPT_SANDBOXING = YES;
				GCC_C_LANGUAGE_STANDARD = gnu17;
				GCC_DYNAMIC_NO_PIC = NO;
				GCC_NO_COMMON_BLOCKS = YES;
				GCC_OPTIMIZATION_LEVEL = 0;
				GCC_PREPROCESSOR_DEFINITIONS = (
					"DEBUG=1",
					"$(inherited)",
				);
				GCC_WARN_64_TO_32_BIT_CONVERSION = YES;
				GCC_WARN_ABOUT_RETURN_TYPE = YES_ERROR;
				GCC_WARN_UNDECLARED_SELECTOR = YES;
				GCC_WARN_UNINITIALIZED_AUTOS = YES_AGGRESSIVE;
				GCC_WARN_UNUSED_FUNCTION = YES;
				GCC_WARN_UNUSED_VARIABLE = YES;
				IPHONEOS_DEPLOYMENT_TARGET = 15.0;
				LOCALIZATION_PREFERS_STRING_CATALOGS = YES;
				MTL_ENABLE_DEBUG_INFO = INCLUDE_SOURCE;
				MTL_FAST_MATH = YES;
				ONLY_ACTIVE_ARCH = YES;
				SDKROOT = iphoneos;
				SWIFT_ACTIVE_COMPILATION_CONDITIONS = "DEBUG $(inherited)";
				SWIFT_OPTIMIZATION_LEVEL = "-Onone";
			};
			name = Debug;
		};
		5BC0F1952B8756E600E0E4AC /* Release */ = {
			isa = XCBuildConfiguration;
			buildSettings = {
				ALWAYS_SEARCH_USER_PATHS = NO;
				ASSETCATALOG_COMPILER_GENERATE_SWIFT_ASSET_SYMBOL_EXTENSIONS = YES;
				CLANG_ANALYZER_NONNULL = YES;
				CLANG_ANALYZER_NUMBER_OBJECT_CONVERSION = YES_AGGRESSIVE;
				CLANG_CXX_LANGUAGE_STANDARD = "gnu++20";
				CLANG_ENABLE_MODULES = YES;
				CLANG_ENABLE_OBJC_ARC = YES;
				CLANG_ENABLE_OBJC_WEAK = YES;
				CLANG_WARN_BLOCK_CAPTURE_AUTORELEASING = YES;
				CLANG_WARN_BOOL_CONVERSION = YES;
				CLANG_WARN_COMMA = YES;
				CLANG_WARN_CONSTANT_CONVERSION = YES;
				CLANG_WARN_DEPRECATED_OBJC_IMPLEMENTATIONS = YES;
				CLANG_WARN_DIRECT_OBJC_ISA_USAGE = YES_ERROR;
				CLANG_WARN_DOCUMENTATION_COMMENTS = YES;
				CLANG_WARN_EMPTY_BODY = YES;
				CLANG_WARN_ENUM_CONVERSION = YES;
				CLANG_WARN_INFINITE_RECURSION = YES;
				CLANG_WARN_INT_CONVERSION = YES;
				CLANG_WARN_NON_LITERAL_NULL_CONVERSION = YES;
				CLANG_WARN_OBJC_IMPLICIT_RETAIN_SELF = YES;
				CLANG_WARN_OBJC_LITERAL_CONVERSION = YES;
				CLANG_WARN_OBJC_ROOT_CLASS = YES_ERROR;
				CLANG_WARN_QUOTED_INCLUDE_IN_FRAMEWORK_HEADER = YES;
				CLANG_WARN_RANGE_LOOP_ANALYSIS = YES;
				CLANG_WARN_STRICT_PROTOTYPES = YES;
				CLANG_WARN_SUSPICIOUS_MOVE = YES;
				CLANG_WARN_UNGUARDED_AVAILABILITY = YES_AGGRESSIVE;
				CLANG_WARN_UNREACHABLE_CODE = YES;
				CLANG_WARN__DUPLICATE_METHOD_MATCH = YES;
				COPY_PHASE_STRIP = NO;
				DEBUG_INFORMATION_FORMAT = "dwarf-with-dsym";
				ENABLE_NS_ASSERTIONS = NO;
				ENABLE_STRICT_OBJC_MSGSEND = YES;
				ENABLE_USER_SCRIPT_SANDBOXING = YES;
				GCC_C_LANGUAGE_STANDARD = gnu17;
				GCC_NO_COMMON_BLOCKS = YES;
				GCC_WARN_64_TO_32_BIT_CONVERSION = YES;
				GCC_WARN_ABOUT_RETURN_TYPE = YES_ERROR;
				GCC_WARN_UNDECLARED_SELECTOR = YES;
				GCC_WARN_UNINITIALIZED_AUTOS = YES_AGGRESSIVE;
				GCC_WARN_UNUSED_FUNCTION = YES;
				GCC_WARN_UNUSED_VARIABLE = YES;
				IPHONEOS_DEPLOYMENT_TARGET = 15.0;
				LOCALIZATION_PREFERS_STRING_CATALOGS = YES;
				MTL_ENABLE_DEBUG_INFO = NO;
				MTL_FAST_MATH = YES;
				SDKROOT = iphoneos;
				SWIFT_COMPILATION_MODE = wholemodule;
				VALIDATE_PRODUCT = YES;
			};
			name = Release;
		};
		5BC0F1972B8756E600E0E4AC /* Debug */ = {
			isa = XCBuildConfiguration;
			buildSettings = {
				ASSETCATALOG_COMPILER_APPICON_NAME = AppIcon;
				ASSETCATALOG_COMPILER_GLOBAL_ACCENT_COLOR_NAME = AccentColor;
				CODE_SIGN_STYLE = Automatic;
				CURRENT_PROJECT_VERSION = 1;
				DEVELOPMENT_ASSET_PATHS = "\"QuizXguide/Preview Content\"";
				DEVELOPMENT_TEAM = 695W8CRMKH;
				ENABLE_PREVIEWS = YES;
				GENERATE_INFOPLIST_FILE = YES;
				INFOPLIST_KEY_CFBundleDisplayName = QuizXguide;
				INFOPLIST_KEY_NSUserTrackingUsageDescription = "Your data will be used to deliver personalise ads to you.";
				INFOPLIST_KEY_UIApplicationSceneManifest_Generation = YES;
				INFOPLIST_KEY_UIApplicationSupportsIndirectInputEvents = YES;
				INFOPLIST_KEY_UILaunchScreen_Generation = YES;
				INFOPLIST_KEY_UILaunchStoryboardName = LaunchScreen.storyboard;
				INFOPLIST_KEY_UIRequiresFullScreen = YES;
				INFOPLIST_KEY_UISupportedInterfaceOrientations = UIInterfaceOrientationPortrait;
				INFOPLIST_KEY_UISupportedInterfaceOrientations_iPad = "UIInterfaceOrientationPortrait UIInterfaceOrientationPortraitUpsideDown";
				IPHONEOS_DEPLOYMENT_TARGET = 15.0;
				LD_RUNPATH_SEARCH_PATHS = (
					"$(inherited)",
					"@executable_path/Frameworks",
				);
				MARKETING_VERSION = 1.0;
				PRODUCT_BUNDLE_IDENTIFIER = AtaevAleksandr.QuizXguide;
				PRODUCT_NAME = "$(TARGET_NAME)";
				SUPPORTED_PLATFORMS = "iphoneos iphonesimulator";
				SUPPORTS_MACCATALYST = NO;
				SUPPORTS_MAC_DESIGNED_FOR_IPHONE_IPAD = NO;
				SUPPORTS_XR_DESIGNED_FOR_IPHONE_IPAD = NO;
				SWIFT_EMIT_LOC_STRINGS = YES;
				SWIFT_VERSION = 5.0;
				TARGETED_DEVICE_FAMILY = "1,2";
			};
			name = Debug;
		};
		5BC0F1982B8756E600E0E4AC /* Release */ = {
			isa = XCBuildConfiguration;
			buildSettings = {
				ASSETCATALOG_COMPILER_APPICON_NAME = AppIcon;
				ASSETCATALOG_COMPILER_GLOBAL_ACCENT_COLOR_NAME = AccentColor;
				CODE_SIGN_STYLE = Automatic;
				CURRENT_PROJECT_VERSION = 1;
				DEVELOPMENT_ASSET_PATHS = "\"QuizXguide/Preview Content\"";
				DEVELOPMENT_TEAM = 695W8CRMKH;
				ENABLE_PREVIEWS = YES;
				GENERATE_INFOPLIST_FILE = YES;
				INFOPLIST_KEY_CFBundleDisplayName = QuizXguide;
				INFOPLIST_KEY_NSUserTrackingUsageDescription = "Your data will be used to deliver personalise ads to you.";
				INFOPLIST_KEY_UIApplicationSceneManifest_Generation = YES;
				INFOPLIST_KEY_UIApplicationSupportsIndirectInputEvents = YES;
				INFOPLIST_KEY_UILaunchScreen_Generation = YES;
				INFOPLIST_KEY_UILaunchStoryboardName = LaunchScreen.storyboard;
				INFOPLIST_KEY_UIRequiresFullScreen = YES;
				INFOPLIST_KEY_UISupportedInterfaceOrientations = UIInterfaceOrientationPortrait;
				INFOPLIST_KEY_UISupportedInterfaceOrientations_iPad = "UIInterfaceOrientationPortrait UIInterfaceOrientationPortraitUpsideDown";
				IPHONEOS_DEPLOYMENT_TARGET = 15.0;
				LD_RUNPATH_SEARCH_PATHS = (
					"$(inherited)",
					"@executable_path/Frameworks",
				);
				MARKETING_VERSION = 1.0;
				PRODUCT_BUNDLE_IDENTIFIER = AtaevAleksandr.QuizXguide;
				PRODUCT_NAME = "$(TARGET_NAME)";
				SUPPORTED_PLATFORMS = "iphoneos iphonesimulator";
				SUPPORTS_MACCATALYST = NO;
				SUPPORTS_MAC_DESIGNED_FOR_IPHONE_IPAD = NO;
				SUPPORTS_XR_DESIGNED_FOR_IPHONE_IPAD = NO;
				SWIFT_EMIT_LOC_STRINGS = YES;
				SWIFT_VERSION = 5.0;
				TARGETED_DEVICE_FAMILY = "1,2";
			};
			name = Release;
		};
/* End XCBuildConfiguration section */

/* Begin XCConfigurationList section */
		5BC0F1832B8756E400E0E4AC /* Build configuration list for PBXProject "QuizXguide" */ = {
			isa = XCConfigurationList;
			buildConfigurations = (
				5BC0F1942B8756E600E0E4AC /* Debug */,
				5BC0F1952B8756E600E0E4AC /* Release */,
			);
			defaultConfigurationIsVisible = 0;
			defaultConfigurationName = Release;
		};
		5BC0F1962B8756E600E0E4AC /* Build configuration list for PBXNativeTarget "QuizXguide" */ = {
			isa = XCConfigurationList;
			buildConfigurations = (
				5BC0F1972B8756E600E0E4AC /* Debug */,
				5BC0F1982B8756E600E0E4AC /* Release */,
			);
			defaultConfigurationIsVisible = 0;
			defaultConfigurationName = Release;
		};
/* End XCConfigurationList section */
	};
	rootObject = 5BC0F1802B8756E400E0E4AC /* Project object */;
}
